# This file is automatically @generated by Cargo.
# It is not intended for manual editing.
version = 3

[[package]]
name = "buddy_allocator"
version = "0.1.0"
dependencies = [
 "const-assert",
 "fixed-size-allocator",
 "static_assertions",
]

[[package]]
name = "const-assert"
version = "1.0.1"
source = "registry+https://github.com/rust-lang/crates.io-index"
checksum = "d8298db53081b3a951cadb6e0f4ebbe36def7bcb591a34676708d0d7ac87dd86"

[[package]]
name = "fixed-size-allocator"
version = "0.1.1"
source = "registry+https://github.com/rust-lang/crates.io-index"
checksum = "43496b217c0fc804d6ea842ed49889eb1f4b21f936b67cb648feaccb1dce9fd8"
dependencies = [
 "const-assert",
]

[[package]]
name = "static_assertions"
version = "1.1.0"
source = "registry+https://github.com/rust-lang/crates.io-index"
checksum = "a2eb9349b6444b326872e140eb1cf5e7c522154d69e7a0ffb0fb81c06b37543f"
